
Microsoft Visual Studio Solution File, Format Version 12.00
# Visual Studio 15
VisualStudioVersion = 15.0.28307.572
MinimumVisualStudioVersion = 10.0.40219.1
Project("{9A19103F-16F7-4668-BE54-9A1E7A4F7556}") = "ExercicioFixacao01", "ExercicioFixacao01\ExercicioFixacao01.csproj", "{1D743F5D-0160-4799-B612-8F24B059C4D6}"
EndProject
Project("{9A19103F-16F7-4668-BE54-9A1E7A4F7556}") = "ControlePedidos", "ControlePedidos\ControlePedidos.csproj", "{1F5A1350-3A14-4CA1-83F1-4F8CBCC961C7}"
EndProject
Project("{9A19103F-16F7-4668-BE54-9A1E7A4F7556}") = "ExercicioResolvido_01", "ExercicioResolvido_01\ExercicioResolvido_01.csproj", "{4DC9A561-765B-441E-ABAF-F6D198AD316C}"
EndProject
Project("{9A19103F-16F7-4668-BE54-9A1E7A4F7556}") = "ExercicioResolvido_02", "ExercicioResolvido_02\ExercicioResolvido_02.csproj", "{1C31B71E-D933-4C27-8364-915C3C0CB648}"
EndProject
Project("{9A19103F-16F7-4668-BE54-9A1E7A4F7556}") = "Exercicio_EnumeracaoComposicao", "Exercicio_EnumeracaoComposicao\Exercicio_EnumeracaoComposicao.csproj", "{2C2E02BB-1670-4E37-8D82-040EA5B5B566}"
EndProject
Project("{9A19103F-16F7-4668-BE54-9A1E7A4F7556}") = "Heranca", "Heranca\Heranca.csproj", "{45FD263B-E8D5-4446-A4B6-C16CB115D88B}"
EndProject
Project("{9A19103F-16F7-4668-BE54-9A1E7A4F7556}") = "HerancaPolimorfismo", "HerancaPolimorfismo\HerancaPolimorfismo.csproj", "{78880CC6-991C-4343-8C4A-A6D5EF9ACFFC}"
EndProject
Project("{9A19103F-16F7-4668-BE54-9A1E7A4F7556}") = "Exercicio_Excecoes", "Exercicio_Excecoes\Exercicio_Excecoes.csproj", "{8A4CE380-511D-43C4-93B0-4FE12CC5C609}"
EndProject
Project("{9A19103F-16F7-4668-BE54-9A1E7A4F7556}") = "Exercicio_Arquivos", "Exercicio_Arquivos\Exercicio_Arquivos.csproj", "{9A2A4924-9269-471B-A67E-DE9638BD33A5}"
EndProject
Project("{9A19103F-16F7-4668-BE54-9A1E7A4F7556}") = "Exercicio_MetodosAbstratos", "Exercicio_MetodosAbstratos\Exercicio_MetodosAbstratos.csproj", "{2AE545C3-C168-4178-B650-79D211D38BAB}"
EndProject
Project("{FAE04EC0-301F-11D3-BF4B-00C04F79EFBC}") = "Exercicio_Interface", "Exercicio_Interface\Exercicio_Interface.csproj", "{C2BD89C8-95FB-47F6-B64E-97013D1430B4}"
EndProject
Global
	GlobalSection(SolutionConfigurationPlatforms) = preSolution
		Debug|Any CPU = Debug|Any CPU
		Release|Any CPU = Release|Any CPU
	EndGlobalSection
	GlobalSection(ProjectConfigurationPlatforms) = postSolution
		{1D743F5D-0160-4799-B612-8F24B059C4D6}.Debug|Any CPU.ActiveCfg = Debug|Any CPU
		{1D743F5D-0160-4799-B612-8F24B059C4D6}.Debug|Any CPU.Build.0 = Debug|Any CPU
		{1D743F5D-0160-4799-B612-8F24B059C4D6}.Release|Any CPU.ActiveCfg = Release|Any CPU
		{1D743F5D-0160-4799-B612-8F24B059C4D6}.Release|Any CPU.Build.0 = Release|Any CPU
		{1F5A1350-3A14-4CA1-83F1-4F8CBCC961C7}.Debug|Any CPU.ActiveCfg = Debug|Any CPU
		{1F5A1350-3A14-4CA1-83F1-4F8CBCC961C7}.Debug|Any CPU.Build.0 = Debug|Any CPU
		{1F5A1350-3A14-4CA1-83F1-4F8CBCC961C7}.Release|Any CPU.ActiveCfg = Release|Any CPU
		{1F5A1350-3A14-4CA1-83F1-4F8CBCC961C7}.Release|Any CPU.Build.0 = Release|Any CPU
		{4DC9A561-765B-441E-ABAF-F6D198AD316C}.Debug|Any CPU.ActiveCfg = Debug|Any CPU
		{4DC9A561-765B-441E-ABAF-F6D198AD316C}.Debug|Any CPU.Build.0 = Debug|Any CPU
		{4DC9A561-765B-441E-ABAF-F6D198AD316C}.Release|Any CPU.ActiveCfg = Release|Any CPU
		{4DC9A561-765B-441E-ABAF-F6D198AD316C}.Release|Any CPU.Build.0 = Release|Any CPU
		{1C31B71E-D933-4C27-8364-915C3C0CB648}.Debug|Any CPU.ActiveCfg = Debug|Any CPU
		{1C31B71E-D933-4C27-8364-915C3C0CB648}.Debug|Any CPU.Build.0 = Debug|Any CPU
		{1C31B71E-D933-4C27-8364-915C3C0CB648}.Release|Any CPU.ActiveCfg = Release|Any CPU
		{1C31B71E-D933-4C27-8364-915C3C0CB648}.Release|Any CPU.Build.0 = Release|Any CPU
		{2C2E02BB-1670-4E37-8D82-040EA5B5B566}.Debug|Any CPU.ActiveCfg = Debug|Any CPU
		{2C2E02BB-1670-4E37-8D82-040EA5B5B566}.Debug|Any CPU.Build.0 = Debug|Any CPU
		{2C2E02BB-1670-4E37-8D82-040EA5B5B566}.Release|Any CPU.ActiveCfg = Release|Any CPU
		{2C2E02BB-1670-4E37-8D82-040EA5B5B566}.Release|Any CPU.Build.0 = Release|Any CPU
		{45FD263B-E8D5-4446-A4B6-C16CB115D88B}.Debug|Any CPU.ActiveCfg = Debug|Any CPU
		{45FD263B-E8D5-4446-A4B6-C16CB115D88B}.Debug|Any CPU.Build.0 = Debug|Any CPU
		{45FD263B-E8D5-4446-A4B6-C16CB115D88B}.Release|Any CPU.ActiveCfg = Release|Any CPU
		{45FD263B-E8D5-4446-A4B6-C16CB115D88B}.Release|Any CPU.Build.0 = Release|Any CPU
		{78880CC6-991C-4343-8C4A-A6D5EF9ACFFC}.Debug|Any CPU.ActiveCfg = Debug|Any CPU
		{78880CC6-991C-4343-8C4A-A6D5EF9ACFFC}.Debug|Any CPU.Build.0 = Debug|Any CPU
		{78880CC6-991C-4343-8C4A-A6D5EF9ACFFC}.Release|Any CPU.ActiveCfg = Release|Any CPU
		{78880CC6-991C-4343-8C4A-A6D5EF9ACFFC}.Release|Any CPU.Build.0 = Release|Any CPU
		{8A4CE380-511D-43C4-93B0-4FE12CC5C609}.Debug|Any CPU.ActiveCfg = Debug|Any CPU
		{8A4CE380-511D-43C4-93B0-4FE12CC5C609}.Debug|Any CPU.Build.0 = Debug|Any CPU
		{8A4CE380-511D-43C4-93B0-4FE12CC5C609}.Release|Any CPU.ActiveCfg = Release|Any CPU
		{8A4CE380-511D-43C4-93B0-4FE12CC5C609}.Release|Any CPU.Build.0 = Release|Any CPU
		{9A2A4924-9269-471B-A67E-DE9638BD33A5}.Debug|Any CPU.ActiveCfg = Debug|Any CPU
		{9A2A4924-9269-471B-A67E-DE9638BD33A5}.Debug|Any CPU.Build.0 = Debug|Any CPU
		{9A2A4924-9269-471B-A67E-DE9638BD33A5}.Release|Any CPU.ActiveCfg = Release|Any CPU
		{9A2A4924-9269-471B-A67E-DE9638BD33A5}.Release|Any CPU.Build.0 = Release|Any CPU
		{2AE545C3-C168-4178-B650-79D211D38BAB}.Debug|Any CPU.ActiveCfg = Debug|Any CPU
		{2AE545C3-C168-4178-B650-79D211D38BAB}.Debug|Any CPU.Build.0 = Debug|Any CPU
		{2AE545C3-C168-4178-B650-79D211D38BAB}.Release|Any CPU.ActiveCfg = Release|Any CPU
		{2AE545C3-C168-4178-B650-79D211D38BAB}.Release|Any CPU.Build.0 = Release|Any CPU
		{C2BD89C8-95FB-47F6-B64E-97013D1430B4}.Debug|Any CPU.ActiveCfg = Debug|Any CPU
		{C2BD89C8-95FB-47F6-B64E-97013D1430B4}.Debug|Any CPU.Build.0 = Debug|Any CPU
		{C2BD89C8-95FB-47F6-B64E-97013D1430B4}.Release|Any CPU.ActiveCfg = Release|Any CPU
		{C2BD89C8-95FB-47F6-B64E-97013D1430B4}.Release|Any CPU.Build.0 = Release|Any CPU
	EndGlobalSection
	GlobalSection(SolutionProperties) = preSolution
		HideSolutionNode = FALSE
	EndGlobalSection
	GlobalSection(ExtensibilityGlobals) = postSolution
		SolutionGuid = {E7D42E6A-31B3-4A3E-A7CA-6D8C19134037}
	EndGlobalSection
EndGlobal
