
Microsoft Visual Studio Solution File, Format Version 12.00
# Visual Studio 15
VisualStudioVersion = 15.0.28307.572
MinimumVisualStudioVersion = 10.0.40219.1
Project("{FAE04EC0-301F-11D3-BF4B-00C04F79EFBC}") = "ExercicioFixacao01", "ExercicioFixacao01\ExercicioFixacao01.csproj", "{1D743F5D-0160-4799-B612-8F24B059C4D6}"
EndProject
Project("{FAE04EC0-301F-11D3-BF4B-00C04F79EFBC}") = "ControlePedidos", "ControlePedidos\ControlePedidos.csproj", "{1F5A1350-3A14-4CA1-83F1-4F8CBCC961C7}"
EndProject
Project("{FAE04EC0-301F-11D3-BF4B-00C04F79EFBC}") = "ExercicioResolvido_01", "ExercicioResolvido_01\ExercicioResolvido_01.csproj", "{4DC9A561-765B-441E-ABAF-F6D198AD316C}"
EndProject
Global
	GlobalSection(SolutionConfigurationPlatforms) = preSolution
		Debug|Any CPU = Debug|Any CPU
		Release|Any CPU = Release|Any CPU
	EndGlobalSection
	GlobalSection(ProjectConfigurationPlatforms) = postSolution
		{1D743F5D-0160-4799-B612-8F24B059C4D6}.Debug|Any CPU.ActiveCfg = Debug|Any CPU
		{1D743F5D-0160-4799-B612-8F24B059C4D6}.Debug|Any CPU.Build.0 = Debug|Any CPU
		{1D743F5D-0160-4799-B612-8F24B059C4D6}.Release|Any CPU.ActiveCfg = Release|Any CPU
		{1D743F5D-0160-4799-B612-8F24B059C4D6}.Release|Any CPU.Build.0 = Release|Any CPU
		{1F5A1350-3A14-4CA1-83F1-4F8CBCC961C7}.Debug|Any CPU.ActiveCfg = Debug|Any CPU
		{1F5A1350-3A14-4CA1-83F1-4F8CBCC961C7}.Debug|Any CPU.Build.0 = Debug|Any CPU
		{1F5A1350-3A14-4CA1-83F1-4F8CBCC961C7}.Release|Any CPU.ActiveCfg = Release|Any CPU
		{1F5A1350-3A14-4CA1-83F1-4F8CBCC961C7}.Release|Any CPU.Build.0 = Release|Any CPU
		{4DC9A561-765B-441E-ABAF-F6D198AD316C}.Debug|Any CPU.ActiveCfg = Debug|Any CPU
		{4DC9A561-765B-441E-ABAF-F6D198AD316C}.Debug|Any CPU.Build.0 = Debug|Any CPU
		{4DC9A561-765B-441E-ABAF-F6D198AD316C}.Release|Any CPU.ActiveCfg = Release|Any CPU
		{4DC9A561-765B-441E-ABAF-F6D198AD316C}.Release|Any CPU.Build.0 = Release|Any CPU
	EndGlobalSection
	GlobalSection(SolutionProperties) = preSolution
		HideSolutionNode = FALSE
	EndGlobalSection
	GlobalSection(ExtensibilityGlobals) = postSolution
		SolutionGuid = {E7D42E6A-31B3-4A3E-A7CA-6D8C19134037}
	EndGlobalSection
EndGlobal
